
Microsoft Visual Studio Solution File, Format Version 12.00
Project("{FAE04EC0-301F-11D3-BF4B-00C04F79EFBC}") = "Labo10", "Labo10\Labo10.csproj", "{86B16FAE-25EC-4D46-BF5A-A356FBB03DFE}"
EndProject
Global
	GlobalSection(SolutionConfigurationPlatforms) = preSolution
		Debug|Any CPU = Debug|Any CPU
		Release|Any CPU = Release|Any CPU
	EndGlobalSection
	GlobalSection(ProjectConfigurationPlatforms) = postSolution
		{86B16FAE-25EC-4D46-BF5A-A356FBB03DFE}.Debug|Any CPU.ActiveCfg = Debug|Any CPU
		{86B16FAE-25EC-4D46-BF5A-A356FBB03DFE}.Debug|Any CPU.Build.0 = Debug|Any CPU
		{86B16FAE-25EC-4D46-BF5A-A356FBB03DFE}.Release|Any CPU.ActiveCfg = Release|Any CPU
		{86B16FAE-25EC-4D46-BF5A-A356FBB03DFE}.Release|Any CPU.Build.0 = Release|Any CPU
	EndGlobalSection
EndGlobal
